<?xml version="1.0" encoding="utf-8"?>
<Project ToolsVersion="4.0" xmlns="http://schemas.microsoft.com/developer/msbuild/2003">
  <ItemGroup>
    <Filter Include="Source Files">
      <UniqueIdentifier>{4FC737F1-C7A5-4376-A066-2A32D752A2FF}</UniqueIdentifier>
      <Extensions>cpp;c;cc;cxx;def;odl;idl;hpj;bat;asm;asmx</Extensions>
    </Filter>
    <Filter Include="Header Files">
      <UniqueIdentifier>{93995380-89BD-4b04-88EB-625FBE52EBFB}</UniqueIdentifier>
      <Extensions>h;hpp;hxx;hm;inl;inc;xsd</Extensions>
    </Filter>
    <Filter Include="Resource Files">
      <UniqueIdentifier>{67DA6AB6-F800-4c08-8B7A-83BB121AAD01}</UniqueIdentifier>
      <Extensions>rc;ico;cur;bmp;dlg;rc2;rct;bin;rgs;gif;jpg;jpeg;jpe;resx;tiff;tif;png;wav;mfcribbon-ms</Extensions>
    </Filter>
    <Filter Include="Header Files\Collisions">
      <UniqueIdentifier>{4741dcd0-782e-4954-89b2-4c3d4d33a0a8}</UniqueIdentifier>
    </Filter>
    <Filter Include="Source Files\Collisions">
      <UniqueIdentifier>{bd66a065-4edf-4319-8cff-5bda5444387a}</UniqueIdentifier>
    </Filter>
    <Filter Include="Source Files\Things">
      <UniqueIdentifier>{88349f1e-82cb-41fc-867c-4014d1879df9}</UniqueIdentifier>
    </Filter>
    <Filter Include="Header Files\Things">
      <UniqueIdentifier>{8cccaa2c-f478-4142-a084-d300d1801e57}</UniqueIdentifier>
    </Filter>
  </ItemGroup>
  <ItemGroup>
    <ClCompile Include="..\src\main.cpp">
      <Filter>Source Files</Filter>
    </ClCompile>
    <ClCompile Include="..\src\app.cpp">
      <Filter>Source Files</Filter>
    </ClCompile>
    <ClCompile Include="..\src\sphereJK_OO_particle.cpp">
      <Filter>Source Files</Filter>
    </ClCompile>
    <ClCompile Include="CWCollision.cpp">
      <Filter>Source Files\Collisions</Filter>
    </ClCompile>
    <ClCompile Include="Wall.cpp">
      <Filter>Source Files\Things</Filter>
    </ClCompile>
    <ClCompile Include="StaticParticle.cpp">
      <Filter>Source Files\Things</Filter>
    </ClCompile>
    <ClCompile Include="..\src\particle.cpp">
      <Filter>Source Files\Things</Filter>
    </ClCompile>
    <ClCompile Include="..\src\Circle.cpp">
      <Filter>Source Files\Things</Filter>
    </ClCompile>
    <ClCompile Include="..\src\ConvexPolygon.cpp">
      <Filter>Source Files\Things</Filter>
    </ClCompile>
    <ClCompile Include="CCCollision.cpp">
      <Filter>Source Files\Collisions</Filter>
    </ClCompile>
    <ClCompile Include="CPCollision.cpp">
      <Filter>Source Files\Collisions</Filter>
    </ClCompile>
    <ClCompile Include="HierarchicalGrid.cpp">
      <Filter>Source Files</Filter>
    </ClCompile>
    <ClCompile Include="PPCollision.cpp">
      <Filter>Source Files\Collisions</Filter>
    </ClCompile>
    <ClCompile Include="CPolCollision.cpp">
      <Filter>Source Files\Collisions</Filter>
    </ClCompile>
    <ClCompile Include="PWCollision.cpp">
      <Filter>Source Files\Collisions</Filter>
    </ClCompile>
  </ItemGroup>
  <ItemGroup>
    <ClInclude Include="..\include\app.h">
      <Filter>Header Files</Filter>
    </ClInclude>
    <ClInclude Include="..\include\coreMath.h">
      <Filter>Header Files</Filter>
    </ClInclude>
    <ClInclude Include="..\include\Circle.h">
      <Filter>Header Files\Things</Filter>
    </ClInclude>
    <ClInclude Include="..\include\ConvexPolygon.h">
      <Filter>Header Files\Things</Filter>
    </ClInclude>
    <ClInclude Include="..\include\particle.h">
      <Filter>Header Files\Things</Filter>
    </ClInclude>
    <ClInclude Include="..\include\staticParticle.h">
      <Filter>Header Files\Things</Filter>
    </ClInclude>
    <ClInclude Include="Wall.h">
      <Filter>Header Files\Things</Filter>
    </ClInclude>
    <ClInclude Include="sphere_JK_OO_particle.h">
      <Filter>Header Files</Filter>
    </ClInclude>
    <ClInclude Include="CWCollision.h">
      <Filter>Header Files\Collisions</Filter>
    </ClInclude>
    <ClInclude Include="CCCollision.h">
      <Filter>Header Files\Collisions</Filter>
    </ClInclude>
    <ClInclude Include="CPCollision.h">
      <Filter>Header Files\Collisions</Filter>
    </ClInclude>
    <ClInclude Include="HierarchicalGrid.h">
      <Filter>Header Files</Filter>
    </ClInclude>
    <ClInclude Include="CPolCollision.h">
      <Filter>Header Files\Collisions</Filter>
    </ClInclude>
    <ClInclude Include="PPCollision.h">
      <Filter>Header Files\Collisions</Filter>
    </ClInclude>
    <ClInclude Include="PWCollision.h">
      <Filter>Header Files\Collisions</Filter>
    </ClInclude>
  </ItemGroup>
</Project>